Microsoft Visual Studio Solution File, Format Version 12.00
# Visual Studio 2013
Project("{8BC9CEB8-8B4A-11D0-8D11-00A0C91BC942}") = "ALL_BUILD", "ALL_BUILD.vcxproj", "{97A8720D-550F-4D70-B30C-5E55441E3B22}"
	ProjectSection(ProjectDependencies) = postProject
		{DDB9B8BB-5192-4212-BA01-D15850BB010E} = {DDB9B8BB-5192-4212-BA01-D15850BB010E}
		{A2E5CDCC-8263-4E05-8749-B3A645196225} = {A2E5CDCC-8263-4E05-8749-B3A645196225}
	EndProjectSection
EndProject
Project("{8BC9CEB8-8B4A-11D0-8D11-00A0C91BC942}") = "BeaEngine_s", "obj\Windows.msvc.release\beaengineSources\BeaEngine_s.vcxproj", "{DDB9B8BB-5192-4212-BA01-D15850BB010E}"
	ProjectSection(ProjectDependencies) = postProject
		{A2E5CDCC-8263-4E05-8749-B3A645196225} = {A2E5CDCC-8263-4E05-8749-B3A645196225}
	EndProjectSection
EndProject
Project("{8BC9CEB8-8B4A-11D0-8D11-00A0C91BC942}") = "ZERO_CHECK", "ZERO_CHECK.vcxproj", "{A2E5CDCC-8263-4E05-8749-B3A645196225}"
	ProjectSection(ProjectDependencies) = postProject
	EndProjectSection
EndProject
Global
	GlobalSection(SolutionConfigurationPlatforms) = preSolution
		Debug|Win32 = Debug|Win32
		Release|Win32 = Release|Win32
		MinSizeRel|Win32 = MinSizeRel|Win32
		RelWithDebInfo|Win32 = RelWithDebInfo|Win32
	EndGlobalSection
	GlobalSection(ProjectConfigurationPlatforms) = postSolution
		{97A8720D-550F-4D70-B30C-5E55441E3B22}.Debug|Win32.ActiveCfg = Debug|Win32
		{97A8720D-550F-4D70-B30C-5E55441E3B22}.Release|Win32.ActiveCfg = Release|Win32
		{97A8720D-550F-4D70-B30C-5E55441E3B22}.MinSizeRel|Win32.ActiveCfg = MinSizeRel|Win32
		{97A8720D-550F-4D70-B30C-5E55441E3B22}.RelWithDebInfo|Win32.ActiveCfg = RelWithDebInfo|Win32
		{DDB9B8BB-5192-4212-BA01-D15850BB010E}.Debug|Win32.ActiveCfg = Debug|Win32
		{DDB9B8BB-5192-4212-BA01-D15850BB010E}.Debug|Win32.Build.0 = Debug|Win32
		{DDB9B8BB-5192-4212-BA01-D15850BB010E}.Release|Win32.ActiveCfg = Release|Win32
		{DDB9B8BB-5192-4212-BA01-D15850BB010E}.Release|Win32.Build.0 = Release|Win32
		{DDB9B8BB-5192-4212-BA01-D15850BB010E}.MinSizeRel|Win32.ActiveCfg = MinSizeRel|Win32
		{DDB9B8BB-5192-4212-BA01-D15850BB010E}.MinSizeRel|Win32.Build.0 = MinSizeRel|Win32
		{DDB9B8BB-5192-4212-BA01-D15850BB010E}.RelWithDebInfo|Win32.ActiveCfg = RelWithDebInfo|Win32
		{DDB9B8BB-5192-4212-BA01-D15850BB010E}.RelWithDebInfo|Win32.Build.0 = RelWithDebInfo|Win32
		{A2E5CDCC-8263-4E05-8749-B3A645196225}.Debug|Win32.ActiveCfg = Debug|Win32
		{A2E5CDCC-8263-4E05-8749-B3A645196225}.Debug|Win32.Build.0 = Debug|Win32
		{A2E5CDCC-8263-4E05-8749-B3A645196225}.Release|Win32.ActiveCfg = Release|Win32
		{A2E5CDCC-8263-4E05-8749-B3A645196225}.Release|Win32.Build.0 = Release|Win32
		{A2E5CDCC-8263-4E05-8749-B3A645196225}.MinSizeRel|Win32.ActiveCfg = MinSizeRel|Win32
		{A2E5CDCC-8263-4E05-8749-B3A645196225}.MinSizeRel|Win32.Build.0 = MinSizeRel|Win32
		{A2E5CDCC-8263-4E05-8749-B3A645196225}.RelWithDebInfo|Win32.ActiveCfg = RelWithDebInfo|Win32
		{A2E5CDCC-8263-4E05-8749-B3A645196225}.RelWithDebInfo|Win32.Build.0 = RelWithDebInfo|Win32
	EndGlobalSection
	GlobalSection(ExtensibilityGlobals) = postSolution
	EndGlobalSection
	GlobalSection(ExtensibilityAddIns) = postSolution
	EndGlobalSection
EndGlobal
