Microsoft Visual Studio Solution File, Format Version 12.00
# Visual Studio 2013
VisualStudioVersion = 12.0.30723.0
MinimumVisualStudioVersion = 10.0.40219.1
Project("{8BC9CEB8-8B4A-11D0-8D11-00A0C91BC942}") = "SQLite", "SQLite\SQLite.vcxproj", "{A308A8F2-D876-4368-8A98-509F9A239662}"
EndProject
Project("{8BC9CEB8-8B4A-11D0-8D11-00A0C91BC942}") = "SciLexer", "Scintilla\win32\SciLexer.vcxproj", "{FBE04237-9C7B-4973-9C60-505975998B39}"
EndProject
Project("{8BC9CEB8-8B4A-11D0-8D11-00A0C91BC942}") = "tinyxml", "tinyxml\tinyxml_lib.vcxproj", "{C406DAEC-0886-4771-8DEA-9D7329B46CC1}"
EndProject
Project("{8BC9CEB8-8B4A-11D0-8D11-00A0C91BC942}") = "BeaEngine", "BeaEngine\Visual Studio\obj\Windows.msvc.release\beaengineSources\BeaEngine_s.vcxproj", "{5D4A6E60-1130-46EE-AFA6-5394B430D0FC}"
EndProject
Project("{8BC9CEB8-8B4A-11D0-8D11-00A0C91BC942}") = "ReClass", "ReClass\ReClass.vcxproj", "{7907D905-63AC-40AE-BF8C-17D0CD979C9F}"
EndProject
Global
	GlobalSection(SolutionConfigurationPlatforms) = preSolution
		Debug|Win32 = Debug|Win32
		Debug-Dll|Win32 = Debug-Dll|Win32
		Debug-Lib|Win32 = Debug-Lib|Win32
		MinSizeRel|Win32 = MinSizeRel|Win32
		Release|Win32 = Release|Win32
		Release-Dll|Win32 = Release-Dll|Win32
		Release-Lib|Win32 = Release-Lib|Win32
		RelWithDebInfo|Win32 = RelWithDebInfo|Win32
	EndGlobalSection
	GlobalSection(ProjectConfigurationPlatforms) = postSolution
		{A308A8F2-D876-4368-8A98-509F9A239662}.Debug|Win32.ActiveCfg = Debug|Win32
		{A308A8F2-D876-4368-8A98-509F9A239662}.Debug|Win32.Build.0 = Debug|Win32
		{A308A8F2-D876-4368-8A98-509F9A239662}.Debug-Dll|Win32.ActiveCfg = Debug|Win32
		{A308A8F2-D876-4368-8A98-509F9A239662}.Debug-Dll|Win32.Build.0 = Debug|Win32
		{A308A8F2-D876-4368-8A98-509F9A239662}.Debug-Lib|Win32.ActiveCfg = Debug|Win32
		{A308A8F2-D876-4368-8A98-509F9A239662}.Debug-Lib|Win32.Build.0 = Debug|Win32
		{A308A8F2-D876-4368-8A98-509F9A239662}.MinSizeRel|Win32.ActiveCfg = Release|Win32
		{A308A8F2-D876-4368-8A98-509F9A239662}.MinSizeRel|Win32.Build.0 = Release|Win32
		{A308A8F2-D876-4368-8A98-509F9A239662}.Release|Win32.ActiveCfg = Release|Win32
		{A308A8F2-D876-4368-8A98-509F9A239662}.Release|Win32.Build.0 = Release|Win32
		{A308A8F2-D876-4368-8A98-509F9A239662}.Release-Dll|Win32.ActiveCfg = Release|Win32
		{A308A8F2-D876-4368-8A98-509F9A239662}.Release-Dll|Win32.Build.0 = Release|Win32
		{A308A8F2-D876-4368-8A98-509F9A239662}.Release-Lib|Win32.ActiveCfg = Release|Win32
		{A308A8F2-D876-4368-8A98-509F9A239662}.Release-Lib|Win32.Build.0 = Release|Win32
		{A308A8F2-D876-4368-8A98-509F9A239662}.RelWithDebInfo|Win32.ActiveCfg = Release|Win32
		{A308A8F2-D876-4368-8A98-509F9A239662}.RelWithDebInfo|Win32.Build.0 = Release|Win32
		{FBE04237-9C7B-4973-9C60-505975998B39}.Debug|Win32.ActiveCfg = Debug|Win32
		{FBE04237-9C7B-4973-9C60-505975998B39}.Debug|Win32.Build.0 = Debug|Win32
		{FBE04237-9C7B-4973-9C60-505975998B39}.Debug-Dll|Win32.ActiveCfg = Debug|Win32
		{FBE04237-9C7B-4973-9C60-505975998B39}.Debug-Dll|Win32.Build.0 = Debug|Win32
		{FBE04237-9C7B-4973-9C60-505975998B39}.Debug-Lib|Win32.ActiveCfg = Debug|Win32
		{FBE04237-9C7B-4973-9C60-505975998B39}.Debug-Lib|Win32.Build.0 = Debug|Win32
		{FBE04237-9C7B-4973-9C60-505975998B39}.MinSizeRel|Win32.ActiveCfg = Release|Win32
		{FBE04237-9C7B-4973-9C60-505975998B39}.MinSizeRel|Win32.Build.0 = Release|Win32
		{FBE04237-9C7B-4973-9C60-505975998B39}.Release|Win32.ActiveCfg = Release|Win32
		{FBE04237-9C7B-4973-9C60-505975998B39}.Release|Win32.Build.0 = Release|Win32
		{FBE04237-9C7B-4973-9C60-505975998B39}.Release-Dll|Win32.ActiveCfg = Release|Win32
		{FBE04237-9C7B-4973-9C60-505975998B39}.Release-Dll|Win32.Build.0 = Release|Win32
		{FBE04237-9C7B-4973-9C60-505975998B39}.Release-Lib|Win32.ActiveCfg = Release|Win32
		{FBE04237-9C7B-4973-9C60-505975998B39}.Release-Lib|Win32.Build.0 = Release|Win32
		{FBE04237-9C7B-4973-9C60-505975998B39}.RelWithDebInfo|Win32.ActiveCfg = Release|Win32
		{FBE04237-9C7B-4973-9C60-505975998B39}.RelWithDebInfo|Win32.Build.0 = Release|Win32
		{C406DAEC-0886-4771-8DEA-9D7329B46CC1}.Debug|Win32.ActiveCfg = Debug|Win32
		{C406DAEC-0886-4771-8DEA-9D7329B46CC1}.Debug|Win32.Build.0 = Debug|Win32
		{C406DAEC-0886-4771-8DEA-9D7329B46CC1}.Debug-Dll|Win32.ActiveCfg = Debug|Win32
		{C406DAEC-0886-4771-8DEA-9D7329B46CC1}.Debug-Dll|Win32.Build.0 = Debug|Win32
		{C406DAEC-0886-4771-8DEA-9D7329B46CC1}.Debug-Lib|Win32.ActiveCfg = Debug|Win32
		{C406DAEC-0886-4771-8DEA-9D7329B46CC1}.Debug-Lib|Win32.Build.0 = Debug|Win32
		{C406DAEC-0886-4771-8DEA-9D7329B46CC1}.MinSizeRel|Win32.ActiveCfg = Release|Win32
		{C406DAEC-0886-4771-8DEA-9D7329B46CC1}.MinSizeRel|Win32.Build.0 = Release|Win32
		{C406DAEC-0886-4771-8DEA-9D7329B46CC1}.Release|Win32.ActiveCfg = Release|Win32
		{C406DAEC-0886-4771-8DEA-9D7329B46CC1}.Release|Win32.Build.0 = Release|Win32
		{C406DAEC-0886-4771-8DEA-9D7329B46CC1}.Release-Dll|Win32.ActiveCfg = Release|Win32
		{C406DAEC-0886-4771-8DEA-9D7329B46CC1}.Release-Dll|Win32.Build.0 = Release|Win32
		{C406DAEC-0886-4771-8DEA-9D7329B46CC1}.Release-Lib|Win32.ActiveCfg = Release|Win32
		{C406DAEC-0886-4771-8DEA-9D7329B46CC1}.Release-Lib|Win32.Build.0 = Release|Win32
		{C406DAEC-0886-4771-8DEA-9D7329B46CC1}.RelWithDebInfo|Win32.ActiveCfg = Release|Win32
		{C406DAEC-0886-4771-8DEA-9D7329B46CC1}.RelWithDebInfo|Win32.Build.0 = Release|Win32
		{5D4A6E60-1130-46EE-AFA6-5394B430D0FC}.Debug|Win32.ActiveCfg = Debug|Win32
		{5D4A6E60-1130-46EE-AFA6-5394B430D0FC}.Debug|Win32.Build.0 = Debug|Win32
		{5D4A6E60-1130-46EE-AFA6-5394B430D0FC}.Debug-Dll|Win32.ActiveCfg = Debug|Win32
		{5D4A6E60-1130-46EE-AFA6-5394B430D0FC}.Debug-Dll|Win32.Build.0 = Debug|Win32
		{5D4A6E60-1130-46EE-AFA6-5394B430D0FC}.Debug-Lib|Win32.ActiveCfg = Debug|Win32
		{5D4A6E60-1130-46EE-AFA6-5394B430D0FC}.Debug-Lib|Win32.Build.0 = Debug|Win32
		{5D4A6E60-1130-46EE-AFA6-5394B430D0FC}.MinSizeRel|Win32.ActiveCfg = MinSizeRel|Win32
		{5D4A6E60-1130-46EE-AFA6-5394B430D0FC}.MinSizeRel|Win32.Build.0 = MinSizeRel|Win32
		{5D4A6E60-1130-46EE-AFA6-5394B430D0FC}.Release|Win32.ActiveCfg = Release|Win32
		{5D4A6E60-1130-46EE-AFA6-5394B430D0FC}.Release|Win32.Build.0 = Release|Win32
		{5D4A6E60-1130-46EE-AFA6-5394B430D0FC}.Release-Dll|Win32.ActiveCfg = Release|Win32
		{5D4A6E60-1130-46EE-AFA6-5394B430D0FC}.Release-Dll|Win32.Build.0 = Release|Win32
		{5D4A6E60-1130-46EE-AFA6-5394B430D0FC}.Release-Lib|Win32.ActiveCfg = Release|Win32
		{5D4A6E60-1130-46EE-AFA6-5394B430D0FC}.Release-Lib|Win32.Build.0 = Release|Win32
		{5D4A6E60-1130-46EE-AFA6-5394B430D0FC}.RelWithDebInfo|Win32.ActiveCfg = RelWithDebInfo|Win32
		{5D4A6E60-1130-46EE-AFA6-5394B430D0FC}.RelWithDebInfo|Win32.Build.0 = RelWithDebInfo|Win32
		{7907D905-63AC-40AE-BF8C-17D0CD979C9F}.Debug|Win32.ActiveCfg = Debug|Win32
		{7907D905-63AC-40AE-BF8C-17D0CD979C9F}.Debug|Win32.Build.0 = Debug|Win32
		{7907D905-63AC-40AE-BF8C-17D0CD979C9F}.Debug-Dll|Win32.ActiveCfg = Debug|Win32
		{7907D905-63AC-40AE-BF8C-17D0CD979C9F}.Debug-Dll|Win32.Build.0 = Debug|Win32
		{7907D905-63AC-40AE-BF8C-17D0CD979C9F}.Debug-Lib|Win32.ActiveCfg = Debug|Win32
		{7907D905-63AC-40AE-BF8C-17D0CD979C9F}.Debug-Lib|Win32.Build.0 = Debug|Win32
		{7907D905-63AC-40AE-BF8C-17D0CD979C9F}.MinSizeRel|Win32.ActiveCfg = Release|Win32
		{7907D905-63AC-40AE-BF8C-17D0CD979C9F}.MinSizeRel|Win32.Build.0 = Release|Win32
		{7907D905-63AC-40AE-BF8C-17D0CD979C9F}.Release|Win32.ActiveCfg = Release|Win32
		{7907D905-63AC-40AE-BF8C-17D0CD979C9F}.Release|Win32.Build.0 = Release|Win32
		{7907D905-63AC-40AE-BF8C-17D0CD979C9F}.Release-Dll|Win32.ActiveCfg = Release|Win32
		{7907D905-63AC-40AE-BF8C-17D0CD979C9F}.Release-Dll|Win32.Build.0 = Release|Win32
		{7907D905-63AC-40AE-BF8C-17D0CD979C9F}.Release-Lib|Win32.ActiveCfg = Release|Win32
		{7907D905-63AC-40AE-BF8C-17D0CD979C9F}.Release-Lib|Win32.Build.0 = Release|Win32
		{7907D905-63AC-40AE-BF8C-17D0CD979C9F}.RelWithDebInfo|Win32.ActiveCfg = Release|Win32
		{7907D905-63AC-40AE-BF8C-17D0CD979C9F}.RelWithDebInfo|Win32.Build.0 = Release|Win32
	EndGlobalSection
	GlobalSection(SolutionProperties) = preSolution
		HideSolutionNode = FALSE
	EndGlobalSection
EndGlobal
